// !$*UTF8*$!
{
	archiveVersion = 1;
	classes = {
	};
	objectVersion = 46;
	objects = {

/* Begin PBXBuildFile section */
		00A330AE181ED94B0012B0AB /* Foundation.framework in Frameworks */ = {isa = PBXBuildFile; fileRef = 00A330AD181ED94B0012B0AB /* Foundation.framework */; };
		00A330B0181ED94B0012B0AB /* CoreGraphics.framework in Frameworks */ = {isa = PBXBuildFile; fileRef = 00A330AF181ED94B0012B0AB /* CoreGraphics.framework */; };
		00A330B2181ED94B0012B0AB /* UIKit.framework in Frameworks */ = {isa = PBXBuildFile; fileRef = 00A330B1181ED94B0012B0AB /* UIKit.framework */; };
		00A330B8181ED94B0012B0AB /* InfoPlist.strings in Resources */ = {isa = PBXBuildFile; fileRef = 00A330B6181ED94B0012B0AB /* InfoPlist.strings */; };
		00A330BA181ED94B0012B0AB /* main.m in Sources */ = {isa = PBXBuildFile; fileRef = 00A330B9181ED94B0012B0AB /* main.m */; };
		00A330BE181ED94B0012B0AB /* AppDelegate.m in Sources */ = {isa = PBXBuildFile; fileRef = 00A330BD181ED94B0012B0AB /* AppDelegate.m */; };
		00A330C1181ED94B0012B0AB /* Main.storyboard in Resources */ = {isa = PBXBuildFile; fileRef = 00A330BF181ED94B0012B0AB /* Main.storyboard */; };
		00A330C4181ED94B0012B0AB /* ViewController.m in Sources */ = {isa = PBXBuildFile; fileRef = 00A330C3181ED94B0012B0AB /* ViewController.m */; };
		00A330C6181ED94B0012B0AB /* Images.xcassets in Resources */ = {isa = PBXBuildFile; fileRef = 00A330C5181ED94B0012B0AB /* Images.xcassets */; };
		00A330CD181ED94B0012B0AB /* XCTest.framework in Frameworks */ = {isa = PBXBuildFile; fileRef = 00A330CC181ED94B0012B0AB /* XCTest.framework */; };
		00A330CE181ED94B0012B0AB /* Foundation.framework in Frameworks */ = {isa = PBXBuildFile; fileRef = 00A330AD181ED94B0012B0AB /* Foundation.framework */; };
		00A330CF181ED94B0012B0AB /* UIKit.framework in Frameworks */ = {isa = PBXBuildFile; fileRef = 00A330B1181ED94B0012B0AB /* UIKit.framework */; };
		00A330D7181ED94B0012B0AB /* InfoPlist.strings in Resources */ = {isa = PBXBuildFile; fileRef = 00A330D5181ED94B0012B0AB /* InfoPlist.strings */; };
		00A330D9181ED94B0012B0AB /* WaitlessPOTests.m in Sources */ = {isa = PBXBuildFile; fileRef = 00A330D8181ED94B0012B0AB /* WaitlessPOTests.m */; };
/* End PBXBuildFile section */

/* Begin PBXContainerItemProxy section */
		00A330D0181ED94B0012B0AB /* PBXContainerItemProxy */ = {
			isa = PBXContainerItemProxy;
			containerPortal = 00A330A2181ED94B0012B0AB /* Project object */;
			proxyType = 1;
			remoteGlobalIDString = 00A330A9181ED94B0012B0AB;
			remoteInfo = WaitlessPO;
		};
/* End PBXContainerItemProxy section */

/* Begin PBXFileReference section */
		00A330AA181ED94B0012B0AB /* WaitlessPO.app */ = {isa = PBXFileReference; explicitFileType = wrapper.application; includeInIndex = 0; path = WaitlessPO.app; sourceTree = BUILT_PRODUCTS_DIR; };
		00A330AD181ED94B0012B0AB /* Foundation.framework */ = {isa = PBXFileReference; lastKnownFileType = wrapper.framework; name = Foundation.framework; path = System/Library/Frameworks/Foundation.framework; sourceTree = SDKROOT; };
		00A330AF181ED94B0012B0AB /* CoreGraphics.framework */ = {isa = PBXFileReference; lastKnownFileType = wrapper.framework; name = CoreGraphics.framework; path = System/Library/Frameworks/CoreGraphics.framework; sourceTree = SDKROOT; };
		00A330B1181ED94B0012B0AB /* UIKit.framework */ = {isa = PBXFileReference; lastKnownFileType = wrapper.framework; name = UIKit.framework; path = System/Library/Frameworks/UIKit.framework; sourceTree = SDKROOT; };
		00A330B5181ED94B0012B0AB /* WaitlessPO-Info.plist */ = {isa = PBXFileReference; lastKnownFileType = text.plist.xml; path = "WaitlessPO-Info.plist"; sourceTree = "<group>"; };
		00A330B7181ED94B0012B0AB /* en */ = {isa = PBXFileReference; lastKnownFileType = text.plist.strings; name = en; path = en.lproj/InfoPlist.strings; sourceTree = "<group>"; };
		00A330B9181ED94B0012B0AB /* main.m */ = {isa = PBXFileReference; lastKnownFileType = sourcecode.c.objc; path = main.m; sourceTree = "<group>"; };
		00A330BB181ED94B0012B0AB /* WaitlessPO-Prefix.pch */ = {isa = PBXFileReference; lastKnownFileType = sourcecode.c.h; path = "WaitlessPO-Prefix.pch"; sourceTree = "<group>"; };
		00A330BC181ED94B0012B0AB /* AppDelegate.h */ = {isa = PBXFileReference; lastKnownFileType = sourcecode.c.h; path = AppDelegate.h; sourceTree = "<group>"; };
		00A330BD181ED94B0012B0AB /* AppDelegate.m */ = {isa = PBXFileReference; lastKnownFileType = sourcecode.c.objc; path = AppDelegate.m; sourceTree = "<group>"; };
		00A330C0181ED94B0012B0AB /* Base */ = {isa = PBXFileReference; lastKnownFileType = file.storyboard; name = Base; path = Base.lproj/Main.storyboard; sourceTree = "<group>"; };
		00A330C2181ED94B0012B0AB /* ViewController.h */ = {isa = PBXFileReference; lastKnownFileType = sourcecode.c.h; path = ViewController.h; sourceTree = "<group>"; };
		00A330C3181ED94B0012B0AB /* ViewController.m */ = {isa = PBXFileReference; lastKnownFileType = sourcecode.c.objc; path = ViewController.m; sourceTree = "<group>"; };
		00A330C5181ED94B0012B0AB /* Images.xcassets */ = {isa = PBXFileReference; lastKnownFileType = folder.assetcatalog; path = Images.xcassets; sourceTree = "<group>"; };
		00A330CB181ED94B0012B0AB /* WaitlessPOTests.xctest */ = {isa = PBXFileReference; explicitFileType = wrapper.cfbundle; includeInIndex = 0; path = WaitlessPOTests.xctest; sourceTree = BUILT_PRODUCTS_DIR; };
		00A330CC181ED94B0012B0AB /* XCTest.framework */ = {isa = PBXFileReference; lastKnownFileType = wrapper.framework; name = XCTest.framework; path = Library/Frameworks/XCTest.framework; sourceTree = DEVELOPER_DIR; };
		00A330D4181ED94B0012B0AB /* WaitlessPOTests-Info.plist */ = {isa = PBXFileReference; lastKnownFileType = text.plist.xml; path = "WaitlessPOTests-Info.plist"; sourceTree = "<group>"; };
		00A330D6181ED94B0012B0AB /* en */ = {isa = PBXFileReference; lastKnownFileType = text.plist.strings; name = en; path = en.lproj/InfoPlist.strings; sourceTree = "<group>"; };
		00A330D8181ED94B0012B0AB /* WaitlessPOTests.m */ = {isa = PBXFileReference; lastKnownFileType = sourcecode.c.objc; path = WaitlessPOTests.m; sourceTree = "<group>"; };
/* End PBXFileReference section */

/* Begin PBXFrameworksBuildPhase section */
		00A330A7181ED94B0012B0AB /* Frameworks */ = {
			isa = PBXFrameworksBuildPhase;
			buildActionMask = 2147483647;
			files = (
				00A330B0181ED94B0012B0AB /* CoreGraphics.framework in Frameworks */,
				00A330B2181ED94B0012B0AB /* UIKit.framework in Frameworks */,
				00A330AE181ED94B0012B0AB /* Foundation.framework in Frameworks */,
			);
			runOnlyForDeploymentPostprocessing = 0;
		};
		00A330C8181ED94B0012B0AB /* Frameworks */ = {
			isa = PBXFrameworksBuildPhase;
			buildActionMask = 2147483647;
			files = (
				00A330CD181ED94B0012B0AB /* XCTest.framework in Frameworks */,
				00A330CF181ED94B0012B0AB /* UIKit.framework in Frameworks */,
				00A330CE181ED94B0012B0AB /* Foundation.framework in Frameworks */,
			);
			runOnlyForDeploymentPostprocessing = 0;
		};
/* End PBXFrameworksBuildPhase section */

/* Begin PBXGroup section */
		00A330A1181ED94B0012B0AB = {
			isa = PBXGroup;
			children = (
				00A330B3181ED94B0012B0AB /* WaitlessPO */,
				00A330D2181ED94B0012B0AB /* WaitlessPOTests */,
				00A330AC181ED94B0012B0AB /* Frameworks */,
				00A330AB181ED94B0012B0AB /* Products */,
			);
			sourceTree = "<group>";
		};
		00A330AB181ED94B0012B0AB /* Products */ = {
			isa = PBXGroup;
			children = (
				00A330AA181ED94B0012B0AB /* WaitlessPO.app */,
				00A330CB181ED94B0012B0AB /* WaitlessPOTests.xctest */,
			);
			name = Products;
			sourceTree = "<group>";
		};
		00A330AC181ED94B0012B0AB /* Frameworks */ = {
			isa = PBXGroup;
			children = (
				00A330AD181ED94B0012B0AB /* Foundation.framework */,
				00A330AF181ED94B0012B0AB /* CoreGraphics.framework */,
				00A330B1181ED94B0012B0AB /* UIKit.framework */,
				00A330CC181ED94B0012B0AB /* XCTest.framework */,
			);
			name = Frameworks;
			sourceTree = "<group>";
		};
		00A330B3181ED94B0012B0AB /* WaitlessPO */ = {
			isa = PBXGroup;
			children = (
				00A330BC181ED94B0012B0AB /* AppDelegate.h */,
				00A330BD181ED94B0012B0AB /* AppDelegate.m */,
				00A330BF181ED94B0012B0AB /* Main.storyboard */,
				00A330C2181ED94B0012B0AB /* ViewController.h */,
				00A330C3181ED94B0012B0AB /* ViewController.m */,
				00A330C5181ED94B0012B0AB /* Images.xcassets */,
				00A330B4181ED94B0012B0AB /* Supporting Files */,
			);
			path = WaitlessPO;
			sourceTree = "<group>";
		};
		00A330B4181ED94B0012B0AB /* Supporting Files */ = {
			isa = PBXGroup;
			children = (
				00A330B5181ED94B0012B0AB /* WaitlessPO-Info.plist */,
				00A330B6181ED94B0012B0AB /* InfoPlist.strings */,
				00A330B9181ED94B0012B0AB /* main.m */,
				00A330BB181ED94B0012B0AB /* WaitlessPO-Prefix.pch */,
			);
			name = "Supporting Files";
			sourceTree = "<group>";
		};
		00A330D2181ED94B0012B0AB /* WaitlessPOTests */ = {
			isa = PBXGroup;
			children = (
				00A330D8181ED94B0012B0AB /* WaitlessPOTests.m */,
				00A330D3181ED94B0012B0AB /* Supporting Files */,
			);
			path = WaitlessPOTests;
			sourceTree = "<group>";
		};
		00A330D3181ED94B0012B0AB /* Supporting Files */ = {
			isa = PBXGroup;
			children = (
				00A330D4181ED94B0012B0AB /* WaitlessPOTests-Info.plist */,
				00A330D5181ED94B0012B0AB /* InfoPlist.strings */,
			);
			name = "Supporting Files";
			sourceTree = "<group>";
		};
/* End PBXGroup section */

/* Begin PBXNativeTarget section */
		00A330A9181ED94B0012B0AB /* WaitlessPO */ = {
			isa = PBXNativeTarget;
			buildConfigurationList = 00A330DC181ED94B0012B0AB /* Build configuration list for PBXNativeTarget "WaitlessPO" */;
			buildPhases = (
				00A330A6181ED94B0012B0AB /* Sources */,
				00A330A7181ED94B0012B0AB /* Frameworks */,
				00A330A8181ED94B0012B0AB /* Resources */,
			);
			buildRules = (
			);
			dependencies = (
			);
			name = WaitlessPO;
			productName = WaitlessPO;
			productReference = 00A330AA181ED94B0012B0AB /* WaitlessPO.app */;
			productType = "com.apple.product-type.application";
		};
		00A330CA181ED94B0012B0AB /* WaitlessPOTests */ = {
			isa = PBXNativeTarget;
			buildConfigurationList = 00A330DF181ED94B0012B0AB /* Build configuration list for PBXNativeTarget "WaitlessPOTests" */;
			buildPhases = (
				00A330C7181ED94B0012B0AB /* Sources */,
				00A330C8181ED94B0012B0AB /* Frameworks */,
				00A330C9181ED94B0012B0AB /* Resources */,
			);
			buildRules = (
			);
			dependencies = (
				00A330D1181ED94B0012B0AB /* PBXTargetDependency */,
			);
			name = WaitlessPOTests;
			productName = WaitlessPOTests;
			productReference = 00A330CB181ED94B0012B0AB /* WaitlessPOTests.xctest */;
			productType = "com.apple.product-type.bundle.unit-test";
		};
/* End PBXNativeTarget section */

/* Begin PBXProject section */
		00A330A2181ED94B0012B0AB /* Project object */ = {
			isa = PBXProject;
			attributes = {
				LastUpgradeCheck = 0500;
				ORGANIZATIONNAME = "Amad Khilji";
				TargetAttributes = {
					00A330CA181ED94B0012B0AB = {
						TestTargetID = 00A330A9181ED94B0012B0AB;
					};
				};
			};
			buildConfigurationList = 00A330A5181ED94B0012B0AB /* Build configuration list for PBXProject "WaitlessPO" */;
			compatibilityVersion = "Xcode 3.2";
			developmentRegion = English;
			hasScannedForEncodings = 0;
			knownRegions = (
				en,
				Base,
			);
			mainGroup = 00A330A1181ED94B0012B0AB;
			productRefGroup = 00A330AB181ED94B0012B0AB /* Products */;
			projectDirPath = "";
			projectRoot = "";
			targets = (
				00A330A9181ED94B0012B0AB /* WaitlessPO */,
				00A330CA181ED94B0012B0AB /* WaitlessPOTests */,
			);
		};
/* End PBXProject section */

/* Begin PBXResourcesBuildPhase section */
		00A330A8181ED94B0012B0AB /* Resources */ = {
			isa = PBXResourcesBuildPhase;
			buildActionMask = 2147483647;
			files = (
				00A330C6181ED94B0012B0AB /* Images.xcassets in Resources */,
				00A330B8181ED94B0012B0AB /* InfoPlist.strings in Resources */,
				00A330C1181ED94B0012B0AB /* Main.storyboard in Resources */,
			);
			runOnlyForDeploymentPostprocessing = 0;
		};
		00A330C9181ED94B0012B0AB /* Resources */ = {
			isa = PBXResourcesBuildPhase;
			buildActionMask = 2147483647;
			files = (
				00A330D7181ED94B0012B0AB /* InfoPlist.strings in Resources */,
			);
			runOnlyForDeploymentPostprocessing = 0;
		};
/* End PBXResourcesBuildPhase section */

/* Begin PBXSourcesBuildPhase section */
		00A330A6181ED94B0012B0AB /* Sources */ = {
			isa = PBXSourcesBuildPhase;
			buildActionMask = 2147483647;
			files = (
				00A330C4181ED94B0012B0AB /* ViewController.m in Sources */,
				00A330BE181ED94B0012B0AB /* AppDelegate.m in Sources */,
				00A330BA181ED94B0012B0AB /* main.m in Sources */,
			);
			runOnlyForDeploymentPostprocessing = 0;
		};
		00A330C7181ED94B0012B0AB /* Sources */ = {
			isa = PBXSourcesBuildPhase;
			buildActionMask = 2147483647;
			files = (
				00A330D9181ED94B0012B0AB /* WaitlessPOTests.m in Sources */,
			);
			runOnlyForDeploymentPostprocessing = 0;
		};
/* End PBXSourcesBuildPhase section */

/* Begin PBXTargetDependency section */
		00A330D1181ED94B0012B0AB /* PBXTargetDependency */ = {
			isa = PBXTargetDependency;
			target = 00A330A9181ED94B0012B0AB /* WaitlessPO */;
			targetProxy = 00A330D0181ED94B0012B0AB /* PBXContainerItemProxy */;
		};
/* End PBXTargetDependency section */

/* Begin PBXVariantGroup section */
		00A330B6181ED94B0012B0AB /* InfoPlist.strings */ = {
			isa = PBXVariantGroup;
			children = (
				00A330B7181ED94B0012B0AB /* en */,
			);
			name = InfoPlist.strings;
			sourceTree = "<group>";
		};
		00A330BF181ED94B0012B0AB /* Main.storyboard */ = {
			isa = PBXVariantGroup;
			children = (
				00A330C0181ED94B0012B0AB /* Base */,
			);
			name = Main.storyboard;
			sourceTree = "<group>";
		};
		00A330D5181ED94B0012B0AB /* InfoPlist.strings */ = {
			isa = PBXVariantGroup;
			children = (
				00A330D6181ED94B0012B0AB /* en */,
			);
			name = InfoPlist.strings;
			sourceTree = "<group>";
		};
/* End PBXVariantGroup section */

/* Begin XCBuildConfiguration section */
		00A330DA181ED94B0012B0AB /* Debug */ = {
			isa = XCBuildConfiguration;
			buildSettings = {
				ALWAYS_SEARCH_USER_PATHS = NO;
				ARCHS = "$(ARCHS_STANDARD_INCLUDING_64_BIT)";
				CLANG_CXX_LANGUAGE_STANDARD = "gnu++0x";
				CLANG_CXX_LIBRARY = "libc++";
				CLANG_ENABLE_MODULES = YES;
				CLANG_ENABLE_OBJC_ARC = YES;
				CLANG_WARN_BOOL_CONVERSION = YES;
				CLANG_WARN_CONSTANT_CONVERSION = YES;
				CLANG_WARN_DIRECT_OBJC_ISA_USAGE = YES_ERROR;
				CLANG_WARN_EMPTY_BODY = YES;
				CLANG_WARN_ENUM_CONVERSION = YES;
				CLANG_WARN_INT_CONVERSION = YES;
				CLANG_WARN_OBJC_ROOT_CLASS = YES_ERROR;
				CLANG_WARN__DUPLICATE_METHOD_MATCH = YES;
				"CODE_SIGN_IDENTITY[sdk=iphoneos*]" = "iPhone Developer";
				COPY_PHASE_STRIP = NO;
				GCC_C_LANGUAGE_STANDARD = gnu99;
				GCC_DYNAMIC_NO_PIC = NO;
				GCC_OPTIMIZATION_LEVEL = 0;
				GCC_PREPROCESSOR_DEFINITIONS = (
					"DEBUG=1",
					"$(inherited)",
				);
				GCC_SYMBOLS_PRIVATE_EXTERN = NO;
				GCC_WARN_64_TO_32_BIT_CONVERSION = YES;
				GCC_WARN_ABOUT_RETURN_TYPE = YES_ERROR;
				GCC_WARN_UNDECLARED_SELECTOR = YES;
				GCC_WARN_UNINITIALIZED_AUTOS = YES;
				GCC_WARN_UNUSED_FUNCTION = YES;
				GCC_WARN_UNUSED_VARIABLE = YES;
				IPHONEOS_DEPLOYMENT_TARGET = 7.0;
				ONLY_ACTIVE_ARCH = YES;
				SDKROOT = iphoneos;
			};
			name = Debug;
		};
		00A330DB181ED94B0012B0AB /* Release */ = {
			isa = XCBuildConfiguration;
			buildSettings = {
				ALWAYS_SEARCH_USER_PATHS = NO;
				ARCHS = "$(ARCHS_STANDARD_INCLUDING_64_BIT)";
				CLANG_CXX_LANGUAGE_STANDARD = "gnu++0x";
				CLANG_CXX_LIBRARY = "libc++";
				CLANG_ENABLE_MODULES = YES;
				CLANG_ENABLE_OBJC_ARC = YES;
				CLANG_WARN_BOOL_CONVERSION = YES;
				CLANG_WARN_CONSTANT_CONVERSION = YES;
				CLANG_WARN_DIRECT_OBJC_ISA_USAGE = YES_ERROR;
				CLANG_WARN_EMPTY_BODY = YES;
				CLANG_WARN_ENUM_CONVERSION = YES;
				CLANG_WARN_INT_CONVERSION = YES;
				CLANG_WARN_OBJC_ROOT_CLASS = YES_ERROR;
				CLANG_WARN__DUPLICATE_METHOD_MATCH = YES;
				"CODE_SIGN_IDENTITY[sdk=iphoneos*]" = "iPhone Developer";
				COPY_PHASE_STRIP = YES;
				ENABLE_NS_ASSERTIONS = NO;
				GCC_C_LANGUAGE_STANDARD = gnu99;
				GCC_WARN_64_TO_32_BIT_CONVERSION = YES;
				GCC_WARN_ABOUT_RETURN_TYPE = YES_ERROR;
				GCC_WARN_UNDECLARED_SELECTOR = YES;
				GCC_WARN_UNINITIALIZED_AUTOS = YES;
				GCC_WARN_UNUSED_FUNCTION = YES;
				GCC_WARN_UNUSED_VARIABLE = YES;
				IPHONEOS_DEPLOYMENT_TARGET = 7.0;
				SDKROOT = iphoneos;
				VALIDATE_PRODUCT = YES;
			};
			name = Release;
		};
		00A330DD181ED94B0012B0AB /* Debug */ = {
			isa = XCBuildConfiguration;
			buildSettings = {
				ASSETCATALOG_COMPILER_APPICON_NAME = AppIcon;
				ASSETCATALOG_COMPILER_LAUNCHIMAGE_NAME = LaunchImage;
				GCC_PRECOMPILE_PREFIX_HEADER = YES;
				GCC_PREFIX_HEADER = "WaitlessPO/WaitlessPO-Prefix.pch";
				INFOPLIST_FILE = "WaitlessPO/WaitlessPO-Info.plist";
				PRODUCT_NAME = "$(TARGET_NAME)";
				WRAPPER_EXTENSION = app;
			};
			name = Debug;
		};
		00A330DE181ED94B0012B0AB /* Release */ = {
			isa = XCBuildConfiguration;
			buildSettings = {
				ASSETCATALOG_COMPILER_APPICON_NAME = AppIcon;
				ASSETCATALOG_COMPILER_LAUNCHIMAGE_NAME = LaunchImage;
				GCC_PRECOMPILE_PREFIX_HEADER = YES;
				GCC_PREFIX_HEADER = "WaitlessPO/WaitlessPO-Prefix.pch";
				INFOPLIST_FILE = "WaitlessPO/WaitlessPO-Info.plist";
				PRODUCT_NAME = "$(TARGET_NAME)";
				WRAPPER_EXTENSION = app;
			};
			name = Release;
		};
		00A330E0181ED94B0012B0AB /* Debug */ = {
			isa = XCBuildConfiguration;
			buildSettings = {
				ARCHS = "$(ARCHS_STANDARD_INCLUDING_64_BIT)";
				BUNDLE_LOADER = "$(BUILT_PRODUCTS_DIR)/WaitlessPO.app/WaitlessPO";
				FRAMEWORK_SEARCH_PATHS = (
					"$(SDKROOT)/Developer/Library/Frameworks",
					"$(inherited)",
					"$(DEVELOPER_FRAMEWORKS_DIR)",
				);
				GCC_PRECOMPILE_PREFIX_HEADER = YES;
				GCC_PREFIX_HEADER = "WaitlessPO/WaitlessPO-Prefix.pch";
				GCC_PREPROCESSOR_DEFINITIONS = (
					"DEBUG=1",
					"$(inherited)",
				);
				INFOPLIST_FILE = "WaitlessPOTests/WaitlessPOTests-Info.plist";
				PRODUCT_NAME = "$(TARGET_NAME)";
				TEST_HOST = "$(BUNDLE_LOADER)";
				WRAPPER_EXTENSION = xctest;
			};
			name = Debug;
		};
		00A330E1181ED94B0012B0AB /* Release */ = {
			isa = XCBuildConfiguration;
			buildSettings = {
				ARCHS = "$(ARCHS_STANDARD_INCLUDING_64_BIT)";
				BUNDLE_LOADER = "$(BUILT_PRODUCTS_DIR)/WaitlessPO.app/WaitlessPO";
				FRAMEWORK_SEARCH_PATHS = (
					"$(SDKROOT)/Developer/Library/Frameworks",
					"$(inherited)",
					"$(DEVELOPER_FRAMEWORKS_DIR)",
				);
				GCC_PRECOMPILE_PREFIX_HEADER = YES;
				GCC_PREFIX_HEADER = "WaitlessPO/WaitlessPO-Prefix.pch";
				INFOPLIST_FILE = "WaitlessPOTests/WaitlessPOTests-Info.plist";
				PRODUCT_NAME = "$(TARGET_NAME)";
				TEST_HOST = "$(BUNDLE_LOADER)";
				WRAPPER_EXTENSION = xctest;
			};
			name = Release;
		};
/* End XCBuildConfiguration section */

/* Begin XCConfigurationList section */
		00A330A5181ED94B0012B0AB /* Build configuration list for PBXProject "WaitlessPO" */ = {
			isa = XCConfigurationList;
			buildConfigurations = (
				00A330DA181ED94B0012B0AB /* Debug */,
				00A330DB181ED94B0012B0AB /* Release */,
			);
			defaultConfigurationIsVisible = 0;
			defaultConfigurationName = Release;
		};
		00A330DC181ED94B0012B0AB /* Build configuration list for PBXNativeTarget "WaitlessPO" */ = {
			isa = XCConfigurationList;
			buildConfigurations = (
				00A330DD181ED94B0012B0AB /* Debug */,
				00A330DE181ED94B0012B0AB /* Release */,
			);
			defaultConfigurationIsVisible = 0;
		};
		00A330DF181ED94B0012B0AB /* Build configuration list for PBXNativeTarget "WaitlessPOTests" */ = {
			isa = XCConfigurationList;
			buildConfigurations = (
				00A330E0181ED94B0012B0AB /* Debug */,
				00A330E1181ED94B0012B0AB /* Release */,
			);
			defaultConfigurationIsVisible = 0;
		};
/* End XCConfigurationList section */
	};
	rootObject = 00A330A2181ED94B0012B0AB /* Project object */;
}
